
Microsoft Visual Studio Solution File, Format Version 11.00
# Visual Studio 2010
Project("{FAE04EC0-301F-11D3-BF4B-00C04F79EFBC}") = "SinavSorusu8", "SinavSorusu8\SinavSorusu8.csproj", "{32D88EEA-8E43-4D19-B537-BA9D8FD6E2C1}"
EndProject
Global
	GlobalSection(SolutionConfigurationPlatforms) = preSolution
		Debug|x86 = Debug|x86
		Release|x86 = Release|x86
	EndGlobalSection
	GlobalSection(ProjectConfigurationPlatforms) = postSolution
		{32D88EEA-8E43-4D19-B537-BA9D8FD6E2C1}.Debug|x86.ActiveCfg = Debug|x86
		{32D88EEA-8E43-4D19-B537-BA9D8FD6E2C1}.Debug|x86.Build.0 = Debug|x86
		{32D88EEA-8E43-4D19-B537-BA9D8FD6E2C1}.Release|x86.ActiveCfg = Release|x86
		{32D88EEA-8E43-4D19-B537-BA9D8FD6E2C1}.Release|x86.Build.0 = Release|x86
	EndGlobalSection
	GlobalSection(SolutionProperties) = preSolution
		HideSolutionNode = FALSE
	EndGlobalSection
EndGlobal
